
Microsoft Visual Studio Solution File, Format Version 12.00
# Visual Studio 15
VisualStudioVersion = 15.0.28307.168
MinimumVisualStudioVersion = 10.0.40219.1
Project("{FAE04EC0-301F-11D3-BF4B-00C04F79EFBC}") = "SpiderConsole", "SpiderConsole\SpiderConsole.csproj", "{B3578993-E5FA-453A-BA34-719C4E4F961F}"
EndProject
Global
	GlobalSection(SolutionConfigurationPlatforms) = preSolution
		Debug|Any CPU = Debug|Any CPU
		Release|Any CPU = Release|Any CPU
	EndGlobalSection
	GlobalSection(ProjectConfigurationPlatforms) = postSolution
		{B3578993-E5FA-453A-BA34-719C4E4F961F}.Debug|Any CPU.ActiveCfg = Debug|Any CPU
		{B3578993-E5FA-453A-BA34-719C4E4F961F}.Debug|Any CPU.Build.0 = Debug|Any CPU
		{B3578993-E5FA-453A-BA34-719C4E4F961F}.Release|Any CPU.ActiveCfg = Release|Any CPU
		{B3578993-E5FA-453A-BA34-719C4E4F961F}.Release|Any CPU.Build.0 = Release|Any CPU
	EndGlobalSection
	GlobalSection(SolutionProperties) = preSolution
		HideSolutionNode = FALSE
	EndGlobalSection
	GlobalSection(ExtensibilityGlobals) = postSolution
		SolutionGuid = {D1198FC6-BFC4-4BAB-8B79-0A158219F6E1}
	EndGlobalSection
EndGlobal
